
Microsoft Visual Studio Solution File, Format Version 12.00
# Visual Studio Version 16
VisualStudioVersion = 16.0.31702.278
MinimumVisualStudioVersion = 10.0.40219.1
Project("{FAE04EC0-301F-11D3-BF4B-00C04F79EFBC}") = "questão 3", "questão 3\questão 3.csproj", "{0BADBDCB-6752-46D3-ABFD-48D197505F31}"
EndProject
Global
	GlobalSection(SolutionConfigurationPlatforms) = preSolution
		Debug|Any CPU = Debug|Any CPU
		Release|Any CPU = Release|Any CPU
	EndGlobalSection
	GlobalSection(ProjectConfigurationPlatforms) = postSolution
		{0BADBDCB-6752-46D3-ABFD-48D197505F31}.Debug|Any CPU.ActiveCfg = Debug|Any CPU
		{0BADBDCB-6752-46D3-ABFD-48D197505F31}.Debug|Any CPU.Build.0 = Debug|Any CPU
		{0BADBDCB-6752-46D3-ABFD-48D197505F31}.Release|Any CPU.ActiveCfg = Release|Any CPU
		{0BADBDCB-6752-46D3-ABFD-48D197505F31}.Release|Any CPU.Build.0 = Release|Any CPU
	EndGlobalSection
	GlobalSection(SolutionProperties) = preSolution
		HideSolutionNode = FALSE
	EndGlobalSection
	GlobalSection(ExtensibilityGlobals) = postSolution
		SolutionGuid = {2C382C9A-2F20-4991-AA5F-64A4E14A58A5}
	EndGlobalSection
EndGlobal
